{
  "nodes": {
    "crane": {
      "inputs": {
        "nixpkgs": [
          "kinect-firmware-utils",
          "nixpkgs"
        ]
      },
      "locked": {
        "lastModified": 1712681629,
        "narHash": "sha256-bMDXn4AkTXLCpoZbII6pDGoSeSe9gI87jxPsHRXgu/E=",
        "owner": "ipetkov",
        "repo": "crane",
        "rev": "220387ac8e99cbee0ca4c95b621c4bc782b6a235",
        "type": "github"
      },
      "original": {
        "owner": "ipetkov",
        "repo": "crane",
        "type": "github"
      }
    },
    "dotnvim": {
      "inputs": {
        "nixpkgs": [
          "nixpkgs-unstable"
        ],
        "nixvim": "nixvim"
      },
      "locked": {
        "lastModified": 1738791846,
        "narHash": "sha256-YATcOKJc1eFHqZASVZZzzAKidUS8oza8T9oOmnJHJUA=",
        "owner": "noebm",
        "repo": "dotnvim",
        "rev": "314f1d0cbb663d396217869848e1ee10f2ab49e5",
        "type": "github"
      },
      "original": {
        "owner": "noebm",
        "repo": "dotnvim",
        "type": "github"
      }
    },
    "flake-parts": {
      "inputs": {
        "nixpkgs-lib": [
          "dotnvim",
          "nixvim",
          "nixpkgs"
        ]
      },
      "locked": {
        "lastModified": 1736143030,
        "narHash": "sha256-+hu54pAoLDEZT9pjHlqL9DNzWz0NbUn8NEAHP7PQPzU=",
        "owner": "hercules-ci",
        "repo": "flake-parts",
        "rev": "b905f6fc23a9051a6e1b741e1438dbfc0634c6de",
        "type": "github"
      },
      "original": {
        "owner": "hercules-ci",
        "repo": "flake-parts",
        "type": "github"
      }
    },
    "flake-utils": {
      "inputs": {
        "systems": "systems"
      },
      "locked": {
        "lastModified": 1710146030,
        "narHash": "sha256-SZ5L6eA7HJ/nmkzGG7/ISclqe6oZdOZTNoesiInkXPQ=",
        "owner": "numtide",
        "repo": "flake-utils",
        "rev": "b1d9ab70662946ef0850d488da1c9019f3a9752a",
        "type": "github"
      },
      "original": {
        "owner": "numtide",
        "repo": "flake-utils",
        "type": "github"
      }
    },
    "home-manager": {
      "inputs": {
        "nixpkgs": [
          "nixpkgs"
        ]
      },
      "locked": {
        "lastModified": 1736373539,
        "narHash": "sha256-dinzAqCjenWDxuy+MqUQq0I4zUSfaCvN9rzuCmgMZJY=",
        "owner": "nix-community",
        "repo": "home-manager",
        "rev": "bd65bc3cde04c16755955630b344bc9e35272c56",
        "type": "github"
      },
      "original": {
        "owner": "nix-community",
        "ref": "release-24.11",
        "repo": "home-manager",
        "type": "github"
      }
    },
    "kinect-firmware-utils": {
      "inputs": {
        "crane": "crane",
        "flake-utils": "flake-utils",
        "nixpkgs": [
          "nixpkgs-unstable"
        ],
        "wix-extract": "wix-extract"
      },
      "locked": {
        "lastModified": 1739729863,
        "narHash": "sha256-pXO1EoltrkAyMXeYh2YXVCU+JOgnzVFK5CxxOxnUfio=",
        "owner": "noebm",
        "repo": "kinect-firmware-utils",
        "rev": "41a281358d0cb8581e1fc2a773b8ae63730863c1",
        "type": "github"
      },
      "original": {
        "owner": "noebm",
        "repo": "kinect-firmware-utils",
        "type": "github"
      }
    },
    "nixos-hardware": {
      "locked": {
        "lastModified": 1738391520,
        "narHash": "sha256-6HI58PKjddsC0RA0gBQlt6ox47oH//jLUHwx05RO8g0=",
        "owner": "NixOS",
        "repo": "nixos-hardware",
        "rev": "34b64e4e1ddb14e3ffc7db8d4a781396dbbab773",
        "type": "github"
      },
      "original": {
        "owner": "NixOS",
        "ref": "master",
        "repo": "nixos-hardware",
        "type": "github"
      }
    },
    "nixpkgs": {
      "locked": {
        "lastModified": 1739357830,
        "narHash": "sha256-9xim3nJJUFbVbJCz48UP4fGRStVW5nv4VdbimbKxJ3I=",
        "owner": "NixOS",
        "repo": "nixpkgs",
        "rev": "0ff09db9d034a04acd4e8908820ba0b410d7a33a",
        "type": "github"
      },
      "original": {
        "owner": "NixOS",
        "ref": "nixos-24.11",
        "repo": "nixpkgs",
        "type": "github"
      }
    },
    "nixpkgs-unstable": {
      "locked": {
        "lastModified": 1738142207,
        "narHash": "sha256-NGqpVVxNAHwIicXpgaVqJEJWeyqzoQJ9oc8lnK9+WC4=",
        "owner": "NixOS",
        "repo": "nixpkgs",
        "rev": "9d3ae807ebd2981d593cddd0080856873139aa40",
        "type": "github"
      },
      "original": {
        "owner": "NixOS",
        "ref": "nixos-unstable",
        "repo": "nixpkgs",
        "type": "github"
      }
    },
    "nixvim": {
      "inputs": {
        "devshell": [
          "dotnvim"
        ],
        "flake-compat": [
          "dotnvim"
        ],
        "flake-parts": "flake-parts",
        "git-hooks": [
          "dotnvim"
        ],
        "home-manager": [
          "dotnvim"
        ],
        "nix-darwin": [
          "dotnvim"
        ],
        "nixpkgs": [
          "dotnvim",
          "nixpkgs"
        ],
        "nuschtosSearch": [
          "dotnvim"
        ],
        "treefmt-nix": [
          "dotnvim"
        ]
      },
      "locked": {
        "lastModified": 1738366771,
        "narHash": "sha256-nyEBrP5t1g4vmy7YBkiGaIu19eG8zV3T4IQLQbJsVU8=",
        "owner": "nix-community",
        "repo": "nixvim",
        "rev": "c75e4ea37f25ec98aa6f2035e03e748e7369662c",
        "type": "github"
      },
      "original": {
        "owner": "nix-community",
        "repo": "nixvim",
        "type": "github"
      }
    },
    "pyproject-nix": {
      "inputs": {
        "nixpkgs": [
          "kinect-firmware-utils",
          "wix-extract",
          "nixpkgs"
        ]
      },
      "locked": {
        "lastModified": 1733540292,
        "narHash": "sha256-UAW/Rs8hx6ai+lAv2c0fP21NXi3SWuJO9p0DNiEYS90=",
        "owner": "pyproject-nix",
        "repo": "pyproject.nix",
        "rev": "e2393999b79ea26c1d399f8fcc34db4a01665e9b",
        "type": "github"
      },
      "original": {
        "owner": "pyproject-nix",
        "repo": "pyproject.nix",
        "type": "github"
      }
    },
    "root": {
      "inputs": {
        "dotnvim": "dotnvim",
        "home-manager": "home-manager",
        "kinect-firmware-utils": "kinect-firmware-utils",
        "nixos-hardware": "nixos-hardware",
        "nixpkgs": "nixpkgs",
        "nixpkgs-unstable": "nixpkgs-unstable",
        "sops-nix": "sops-nix",
        "zwift": "zwift"
      }
    },
    "sops-nix": {
      "inputs": {
        "nixpkgs": [
          "nixpkgs-unstable"
        ]
      },
      "locked": {
        "lastModified": 1738291974,
        "narHash": "sha256-wkwYJc8cKmmQWUloyS9KwttBnja2ONRuJQDEsmef320=",
        "owner": "Mic92",
        "repo": "sops-nix",
        "rev": "4c1251904d8a08c86ac6bc0d72cc09975e89aef7",
        "type": "github"
      },
      "original": {
        "owner": "Mic92",
        "repo": "sops-nix",
        "type": "github"
      }
    },
    "systems": {
      "locked": {
        "lastModified": 1681028828,
        "narHash": "sha256-Vy1rq5AaRuLzOxct8nz4T6wlgyUR7zLU309k9mBC768=",
        "owner": "nix-systems",
        "repo": "default",
        "rev": "da67096a3b9bf56a91d16901293e51ba5b49a27e",
        "type": "github"
      },
      "original": {
        "owner": "nix-systems",
        "repo": "default",
        "type": "github"
      }
    },
    "wix-extract": {
      "inputs": {
        "nixpkgs": [
          "kinect-firmware-utils",
          "nixpkgs"
        ],
        "pyproject-nix": "pyproject-nix"
      },
      "locked": {
        "lastModified": 1733929510,
        "narHash": "sha256-+YyMgeAMEpNR7UId7ADDfmaMsVKcq6rCT0Hmp8P2Pew=",
        "owner": "noebm",
        "repo": "wix-extract",
        "rev": "88aaaa8bca86d3365f06004fb9d822524e19f1c2",
        "type": "github"
      },
      "original": {
        "owner": "noebm",
        "repo": "wix-extract",
        "type": "github"
      }
    },
    "zwift": {
      "inputs": {
        "nixpkgs": [
          "nixpkgs-unstable"
        ]
      },
      "locked": {
        "lastModified": 1734895889,
        "narHash": "sha256-xoDVE6j1Gjt+TDtRI4MSZr5o2gmGAv+isH7F0AhTodk=",
        "owner": "netbrain",
        "repo": "zwift",
        "rev": "4458bc6219391ce6484c18ec511302c94465aed2",
        "type": "github"
      },
      "original": {
        "owner": "netbrain",
        "repo": "zwift",
        "type": "github"
      }
    }
  },
  "root": "root",
  "version": 7
}
