{
  "nodes": {
    "crane": {
      "inputs": {
        "nixpkgs": [
          "kinect-firmware-utils",
          "nixpkgs"
        ]
      },
      "locked": {
        "lastModified": 1712681629,
        "narHash": "sha256-bMDXn4AkTXLCpoZbII6pDGoSeSe9gI87jxPsHRXgu/E=",
        "owner": "ipetkov",
        "repo": "crane",
        "rev": "220387ac8e99cbee0ca4c95b621c4bc782b6a235",
        "type": "github"
      },
      "original": {
        "owner": "ipetkov",
        "repo": "crane",
        "type": "github"
      }
    },
    "dotnvim": {
      "inputs": {
        "nixpkgs": [
          "nixpkgs-unstable"
        ],
        "nixvim": "nixvim"
      },
      "locked": {
        "lastModified": 1737546681,
        "narHash": "sha256-xgtE8qXehrzrx6P9290egfoRg0zewCeHrY/ZUjCOboU=",
        "owner": "noebm",
        "repo": "dotnvim",
        "rev": "2a9b93ce6e735e3049fb5a19d3e85d635b879221",
        "type": "github"
      },
      "original": {
        "owner": "noebm",
        "repo": "dotnvim",
        "type": "github"
      }
    },
    "flake-parts": {
      "inputs": {
        "nixpkgs-lib": [
          "dotnvim",
          "nixvim",
          "nixpkgs"
        ]
      },
      "locked": {
        "lastModified": 1736143030,
        "narHash": "sha256-+hu54pAoLDEZT9pjHlqL9DNzWz0NbUn8NEAHP7PQPzU=",
        "owner": "hercules-ci",
        "repo": "flake-parts",
        "rev": "b905f6fc23a9051a6e1b741e1438dbfc0634c6de",
        "type": "github"
      },
      "original": {
        "owner": "hercules-ci",
        "repo": "flake-parts",
        "type": "github"
      }
    },
    "flake-utils": {
      "inputs": {
        "systems": "systems"
      },
      "locked": {
        "lastModified": 1710146030,
        "narHash": "sha256-SZ5L6eA7HJ/nmkzGG7/ISclqe6oZdOZTNoesiInkXPQ=",
        "owner": "numtide",
        "repo": "flake-utils",
        "rev": "b1d9ab70662946ef0850d488da1c9019f3a9752a",
        "type": "github"
      },
      "original": {
        "owner": "numtide",
        "repo": "flake-utils",
        "type": "github"
      }
    },
    "home-manager": {
      "inputs": {
        "nixpkgs": [
          "nixpkgs"
        ]
      },
      "locked": {
        "lastModified": 1736373539,
        "narHash": "sha256-dinzAqCjenWDxuy+MqUQq0I4zUSfaCvN9rzuCmgMZJY=",
        "owner": "nix-community",
        "repo": "home-manager",
        "rev": "bd65bc3cde04c16755955630b344bc9e35272c56",
        "type": "github"
      },
      "original": {
        "owner": "nix-community",
        "ref": "release-24.11",
        "repo": "home-manager",
        "type": "github"
      }
    },
    "kinect-firmware-utils": {
      "inputs": {
        "crane": "crane",
        "flake-utils": "flake-utils",
        "nixpkgs": [
          "nixpkgs-unstable"
        ],
        "wix-extract": "wix-extract"
      },
      "locked": {
        "lastModified": 1714776954,
        "narHash": "sha256-eduaH/0kOz3WpGAHMhzpipuX7QKo8sw6l7hm4QJC2qA=",
        "owner": "noebm",
        "repo": "kinect-firmware-utils",
        "rev": "ca7296d6d92375740a2fb79c5c5685bd020dc53e",
        "type": "github"
      },
      "original": {
        "owner": "noebm",
        "repo": "kinect-firmware-utils",
        "type": "github"
      }
    },
    "nixos-hardware": {
      "locked": {
        "lastModified": 1737751639,
        "narHash": "sha256-ZEbOJ9iT72iwqXsiEMbEa8wWjyFvRA9Ugx8utmYbpz4=",
        "owner": "NixOS",
        "repo": "nixos-hardware",
        "rev": "dfad538f751a5aa5d4436d9781ab27a6128ec9d4",
        "type": "github"
      },
      "original": {
        "owner": "NixOS",
        "ref": "master",
        "repo": "nixos-hardware",
        "type": "github"
      }
    },
    "nixpkgs": {
      "locked": {
        "lastModified": 1737885640,
        "narHash": "sha256-GFzPxJzTd1rPIVD4IW+GwJlyGwBDV1Tj5FLYwDQQ9sM=",
        "owner": "NixOS",
        "repo": "nixpkgs",
        "rev": "4e96537f163fad24ed9eb317798a79afc85b51b7",
        "type": "github"
      },
      "original": {
        "owner": "NixOS",
        "ref": "nixos-24.11",
        "repo": "nixpkgs",
        "type": "github"
      }
    },
    "nixpkgs-unstable": {
      "locked": {
        "lastModified": 1737062831,
        "narHash": "sha256-Tbk1MZbtV2s5aG+iM99U8FqwxU/YNArMcWAv6clcsBc=",
        "owner": "NixOS",
        "repo": "nixpkgs",
        "rev": "5df43628fdf08d642be8ba5b3625a6c70731c19c",
        "type": "github"
      },
      "original": {
        "owner": "NixOS",
        "ref": "nixos-unstable",
        "repo": "nixpkgs",
        "type": "github"
      }
    },
    "nixvim": {
      "inputs": {
        "devshell": [
          "dotnvim"
        ],
        "flake-compat": [
          "dotnvim"
        ],
        "flake-parts": "flake-parts",
        "git-hooks": [
          "dotnvim"
        ],
        "home-manager": [
          "dotnvim"
        ],
        "nix-darwin": [
          "dotnvim"
        ],
        "nixpkgs": [
          "dotnvim",
          "nixpkgs"
        ],
        "nuschtosSearch": [
          "dotnvim"
        ],
        "treefmt-nix": [
          "dotnvim"
        ]
      },
      "locked": {
        "lastModified": 1737287784,
        "narHash": "sha256-tS4hbLoZsD9+GVM4NvnFQN2IK/SQkAhhK/YGLJFiwfk=",
        "owner": "nix-community",
        "repo": "nixvim",
        "rev": "998bae9daceeb9bcad8126a3c4d159d9a677ba2c",
        "type": "github"
      },
      "original": {
        "owner": "nix-community",
        "repo": "nixvim",
        "type": "github"
      }
    },
    "root": {
      "inputs": {
        "dotnvim": "dotnvim",
        "home-manager": "home-manager",
        "kinect-firmware-utils": "kinect-firmware-utils",
        "nixos-hardware": "nixos-hardware",
        "nixpkgs": "nixpkgs",
        "nixpkgs-unstable": "nixpkgs-unstable",
        "sops-nix": "sops-nix",
        "zwift": "zwift"
      }
    },
    "sops-nix": {
      "inputs": {
        "nixpkgs": [
          "nixpkgs-unstable"
        ]
      },
      "locked": {
        "lastModified": 1737411508,
        "narHash": "sha256-j9IdflJwRtqo9WpM0OfAZml47eBblUHGNQTe62OUqTw=",
        "owner": "Mic92",
        "repo": "sops-nix",
        "rev": "015d461c16678fc02a2f405eb453abb509d4e1d4",
        "type": "github"
      },
      "original": {
        "owner": "Mic92",
        "repo": "sops-nix",
        "type": "github"
      }
    },
    "systems": {
      "locked": {
        "lastModified": 1681028828,
        "narHash": "sha256-Vy1rq5AaRuLzOxct8nz4T6wlgyUR7zLU309k9mBC768=",
        "owner": "nix-systems",
        "repo": "default",
        "rev": "da67096a3b9bf56a91d16901293e51ba5b49a27e",
        "type": "github"
      },
      "original": {
        "owner": "nix-systems",
        "repo": "default",
        "type": "github"
      }
    },
    "wix-extract": {
      "inputs": {
        "flake-utils": [
          "kinect-firmware-utils",
          "flake-utils"
        ],
        "nixpkgs": [
          "kinect-firmware-utils",
          "nixpkgs"
        ]
      },
      "locked": {
        "lastModified": 1713366621,
        "narHash": "sha256-ZyZrZ5ro8q6ajsABBK+6cfcPqSEQte3gYx06CqYVxtw=",
        "owner": "noebm",
        "repo": "wix-extract",
        "rev": "072e391e46842efbbc57c6b6e1b6fe5c452dc4d8",
        "type": "github"
      },
      "original": {
        "owner": "noebm",
        "repo": "wix-extract",
        "type": "github"
      }
    },
    "zwift": {
      "inputs": {
        "nixpkgs": [
          "nixpkgs-unstable"
        ]
      },
      "locked": {
        "lastModified": 1734895889,
        "narHash": "sha256-xoDVE6j1Gjt+TDtRI4MSZr5o2gmGAv+isH7F0AhTodk=",
        "owner": "netbrain",
        "repo": "zwift",
        "rev": "4458bc6219391ce6484c18ec511302c94465aed2",
        "type": "github"
      },
      "original": {
        "owner": "netbrain",
        "repo": "zwift",
        "type": "github"
      }
    }
  },
  "root": "root",
  "version": 7
}
