name: Update flake.lock

on:
  schedule:
    - cron: '0 12 * * *' # 12:00
  workflow_dispatch: # Allows manual triggering
  
permissions:
  contents: write # Allows pushing changes

jobs:
  update-flake-lock:
    runs-on: ubuntu-latest
    steps:
      - name: Checkout repository
        uses: actions/checkout@v4

      - name: Install Nix
        uses: DeterminateSystems/nix-installer-action@main

      - name: Update flake.lock
        run: |
          git config --global user.name "github-actions"
          git config --global user.email "github-actions@github.com"
          
          nix flake update --commit-lock-file

      - name: Check flake
        run: nix flake check

      - name: Push changes
        env:
          GITHUB_TOKEN: ${{ secrets.GITHUB_TOKEN }}
        run: git push https://x-access-token:${GITHUB_TOKEN}@github.com/${{ github.repository }}.git
