name: Update flake.lock

on:
  schedule:
    - cron: '0 12 * * *' # 12:00
  workflow_dispatch: # Allows manual triggering

jobs:
  update-flake-lock:
    runs-on: ubuntu-latest
    steps:
      - name: Checkout repository
        uses: actions/checkout@v4
        with:
          fetch-depth: 0 # Fetch all history for all branches and tags

      - name: Install Nix
        uses: DeterminateSystems/nix-installer-action@main

      - name: Update flake.lock
        run: |
          git config --global user.name "github-actions"
          git config --global user.email "github-actions@github.com"
          
          nix flake update --commit-lock-file
          
          git push
